
Microsoft Visual Studio Solution File, Format Version 12.00
# Visual Studio 15
Project("{FAE04EC0-301F-11D3-BF4B-00C04F79EFBC}") = "Assembly-CSharp", "Assembly-CSharp.csproj", "{95ED3027-B928-FA84-F2A0-26C52B712414}"
EndProject
Project("{FAE04EC0-301F-11D3-BF4B-00C04F79EFBC}") = "Assembly-CSharp-Editor", "Assembly-CSharp-Editor.csproj", "{DD7A4941-8402-4009-FC2C-B67A86243236}"
EndProject
Global
	GlobalSection(SolutionConfigurationPlatforms) = preSolution
		Debug|Any CPU = Debug|Any CPU
		Release|Any CPU = Release|Any CPU
	EndGlobalSection
	GlobalSection(ProjectConfigurationPlatforms) = postSolution
		{95ED3027-B928-FA84-F2A0-26C52B712414}.Debug|Any CPU.ActiveCfg = Debug|Any CPU
		{95ED3027-B928-FA84-F2A0-26C52B712414}.Debug|Any CPU.Build.0 = Debug|Any CPU
		{95ED3027-B928-FA84-F2A0-26C52B712414}.Release|Any CPU.ActiveCfg = Release|Any CPU
		{95ED3027-B928-FA84-F2A0-26C52B712414}.Release|Any CPU.Build.0 = Release|Any CPU
		{DD7A4941-8402-4009-FC2C-B67A86243236}.Debug|Any CPU.ActiveCfg = Debug|Any CPU
		{DD7A4941-8402-4009-FC2C-B67A86243236}.Debug|Any CPU.Build.0 = Debug|Any CPU
		{DD7A4941-8402-4009-FC2C-B67A86243236}.Release|Any CPU.ActiveCfg = Release|Any CPU
		{DD7A4941-8402-4009-FC2C-B67A86243236}.Release|Any CPU.Build.0 = Release|Any CPU
	EndGlobalSection
	GlobalSection(SolutionProperties) = preSolution
		HideSolutionNode = FALSE
	EndGlobalSection
EndGlobal
