
Microsoft Visual Studio Solution File, Format Version 12.00
# Visual Studio 2013
Project("{FAE04EC0-301F-11D3-BF4B-00C04F79EFBC}") = "Puerts.Core", "Puerts.Core.csproj", "{7FF5AB8C-EBAA-2482-749F-1E59E0531B86}"
EndProject
Project("{FAE04EC0-301F-11D3-BF4B-00C04F79EFBC}") = "Puerts.Helloworld", "Puerts.Helloworld.csproj", "{72C36DF1-DED9-6B87-2751-F7A893A63C0F}"
EndProject
Project("{FAE04EC0-301F-11D3-BF4B-00C04F79EFBC}") = "Puerts.UnitTest", "Puerts.UnitTest.csproj", "{B6268080-22B2-ED44-2BC3-703997CD4945}"
	ProjectSection(ProjectDependencies) = postProject
		{7FF5AB8C-EBAA-2482-749F-1E59E0531B86} = {7FF5AB8C-EBAA-2482-749F-1E59E0531B86}
	EndProjectSection
EndProject
Project("{FAE04EC0-301F-11D3-BF4B-00C04F79EFBC}") = "Puerts.WrapperGenerate", "Puerts.WrapperGenerate.csproj", "{6126D86F-3330-469C-A9E0-8E4575647C0A}"
EndProject
Global
	GlobalSection(SolutionConfigurationPlatforms) = preSolution
		Debug|Any CPU = Debug|Any CPU
		Debug|x64 = Debug|x64
		MinSizeRel|Any CPU = MinSizeRel|Any CPU
		MinSizeRel|x64 = MinSizeRel|x64
		Release|Any CPU = Release|Any CPU
		Release|x64 = Release|x64
		RelWithDebInfo|Any CPU = RelWithDebInfo|Any CPU
		RelWithDebInfo|x64 = RelWithDebInfo|x64
	EndGlobalSection
	GlobalSection(ProjectConfigurationPlatforms) = postSolution
		{7FF5AB8C-EBAA-2482-749F-1E59E0531B86}.Debug|Any CPU.ActiveCfg = Debug|Any CPU
		{7FF5AB8C-EBAA-2482-749F-1E59E0531B86}.Debug|Any CPU.Build.0 = Debug|Any CPU
		{7FF5AB8C-EBAA-2482-749F-1E59E0531B86}.Debug|x64.ActiveCfg = Debug|Any CPU
		{7FF5AB8C-EBAA-2482-749F-1E59E0531B86}.Debug|x64.Build.0 = Debug|Any CPU
		{7FF5AB8C-EBAA-2482-749F-1E59E0531B86}.MinSizeRel|Any CPU.ActiveCfg = Release|Any CPU
		{7FF5AB8C-EBAA-2482-749F-1E59E0531B86}.MinSizeRel|Any CPU.Build.0 = Release|Any CPU
		{7FF5AB8C-EBAA-2482-749F-1E59E0531B86}.MinSizeRel|x64.ActiveCfg = Release|Any CPU
		{7FF5AB8C-EBAA-2482-749F-1E59E0531B86}.MinSizeRel|x64.Build.0 = Release|Any CPU
		{7FF5AB8C-EBAA-2482-749F-1E59E0531B86}.Release|Any CPU.ActiveCfg = Release|Any CPU
		{7FF5AB8C-EBAA-2482-749F-1E59E0531B86}.Release|Any CPU.Build.0 = Release|Any CPU
		{7FF5AB8C-EBAA-2482-749F-1E59E0531B86}.Release|x64.ActiveCfg = Release|Any CPU
		{7FF5AB8C-EBAA-2482-749F-1E59E0531B86}.Release|x64.Build.0 = Release|Any CPU
		{7FF5AB8C-EBAA-2482-749F-1E59E0531B86}.RelWithDebInfo|Any CPU.ActiveCfg = Release|Any CPU
		{7FF5AB8C-EBAA-2482-749F-1E59E0531B86}.RelWithDebInfo|Any CPU.Build.0 = Release|Any CPU
		{7FF5AB8C-EBAA-2482-749F-1E59E0531B86}.RelWithDebInfo|x64.ActiveCfg = Release|Any CPU
		{7FF5AB8C-EBAA-2482-749F-1E59E0531B86}.RelWithDebInfo|x64.Build.0 = Release|Any CPU
		{72C36DF1-DED9-6B87-2751-F7A893A63C0F}.Debug|Any CPU.ActiveCfg = Debug|Any CPU
		{72C36DF1-DED9-6B87-2751-F7A893A63C0F}.Debug|Any CPU.Build.0 = Debug|Any CPU
		{72C36DF1-DED9-6B87-2751-F7A893A63C0F}.Debug|x64.ActiveCfg = Debug|Any CPU
		{72C36DF1-DED9-6B87-2751-F7A893A63C0F}.Debug|x64.Build.0 = Debug|Any CPU
		{72C36DF1-DED9-6B87-2751-F7A893A63C0F}.MinSizeRel|Any CPU.ActiveCfg = Release|Any CPU
		{72C36DF1-DED9-6B87-2751-F7A893A63C0F}.MinSizeRel|Any CPU.Build.0 = Release|Any CPU
		{72C36DF1-DED9-6B87-2751-F7A893A63C0F}.MinSizeRel|x64.ActiveCfg = Release|Any CPU
		{72C36DF1-DED9-6B87-2751-F7A893A63C0F}.MinSizeRel|x64.Build.0 = Release|Any CPU
		{72C36DF1-DED9-6B87-2751-F7A893A63C0F}.Release|Any CPU.ActiveCfg = Release|Any CPU
		{72C36DF1-DED9-6B87-2751-F7A893A63C0F}.Release|Any CPU.Build.0 = Release|Any CPU
		{72C36DF1-DED9-6B87-2751-F7A893A63C0F}.Release|x64.ActiveCfg = Release|Any CPU
		{72C36DF1-DED9-6B87-2751-F7A893A63C0F}.Release|x64.Build.0 = Release|Any CPU
		{72C36DF1-DED9-6B87-2751-F7A893A63C0F}.RelWithDebInfo|Any CPU.ActiveCfg = Release|Any CPU
		{72C36DF1-DED9-6B87-2751-F7A893A63C0F}.RelWithDebInfo|Any CPU.Build.0 = Release|Any CPU
		{72C36DF1-DED9-6B87-2751-F7A893A63C0F}.RelWithDebInfo|x64.ActiveCfg = Release|Any CPU
		{72C36DF1-DED9-6B87-2751-F7A893A63C0F}.RelWithDebInfo|x64.Build.0 = Release|Any CPU
		{B6268080-22B2-ED44-2BC3-703997CD4945}.Debug|Any CPU.ActiveCfg = Debug|Any CPU
		{B6268080-22B2-ED44-2BC3-703997CD4945}.Debug|Any CPU.Build.0 = Debug|Any CPU
		{B6268080-22B2-ED44-2BC3-703997CD4945}.Debug|x64.ActiveCfg = Debug|Any CPU
		{B6268080-22B2-ED44-2BC3-703997CD4945}.Debug|x64.Build.0 = Debug|Any CPU
		{B6268080-22B2-ED44-2BC3-703997CD4945}.MinSizeRel|Any CPU.ActiveCfg = Release|Any CPU
		{B6268080-22B2-ED44-2BC3-703997CD4945}.MinSizeRel|Any CPU.Build.0 = Release|Any CPU
		{B6268080-22B2-ED44-2BC3-703997CD4945}.MinSizeRel|x64.ActiveCfg = Release|Any CPU
		{B6268080-22B2-ED44-2BC3-703997CD4945}.MinSizeRel|x64.Build.0 = Release|Any CPU
		{B6268080-22B2-ED44-2BC3-703997CD4945}.Release|Any CPU.ActiveCfg = Release|Any CPU
		{B6268080-22B2-ED44-2BC3-703997CD4945}.Release|Any CPU.Build.0 = Release|Any CPU
		{B6268080-22B2-ED44-2BC3-703997CD4945}.Release|x64.ActiveCfg = Release|Any CPU
		{B6268080-22B2-ED44-2BC3-703997CD4945}.Release|x64.Build.0 = Release|Any CPU
		{B6268080-22B2-ED44-2BC3-703997CD4945}.RelWithDebInfo|Any CPU.ActiveCfg = Release|Any CPU
		{B6268080-22B2-ED44-2BC3-703997CD4945}.RelWithDebInfo|Any CPU.Build.0 = Release|Any CPU
		{B6268080-22B2-ED44-2BC3-703997CD4945}.RelWithDebInfo|x64.ActiveCfg = Release|Any CPU
		{B6268080-22B2-ED44-2BC3-703997CD4945}.RelWithDebInfo|x64.Build.0 = Release|Any CPU
		{6126D86F-3330-469C-A9E0-8E4575647C0A}.Debug|Any CPU.ActiveCfg = Debug|Any CPU
		{6126D86F-3330-469C-A9E0-8E4575647C0A}.Debug|Any CPU.Build.0 = Debug|Any CPU
		{6126D86F-3330-469C-A9E0-8E4575647C0A}.Debug|x64.ActiveCfg = Debug|Any CPU
		{6126D86F-3330-469C-A9E0-8E4575647C0A}.Debug|x64.Build.0 = Debug|Any CPU
		{6126D86F-3330-469C-A9E0-8E4575647C0A}.MinSizeRel|Any CPU.ActiveCfg = Release|Any CPU
		{6126D86F-3330-469C-A9E0-8E4575647C0A}.MinSizeRel|Any CPU.Build.0 = Release|Any CPU
		{6126D86F-3330-469C-A9E0-8E4575647C0A}.MinSizeRel|x64.ActiveCfg = Release|Any CPU
		{6126D86F-3330-469C-A9E0-8E4575647C0A}.MinSizeRel|x64.Build.0 = Release|Any CPU
		{6126D86F-3330-469C-A9E0-8E4575647C0A}.Release|Any CPU.ActiveCfg = Release|Any CPU
		{6126D86F-3330-469C-A9E0-8E4575647C0A}.Release|Any CPU.Build.0 = Release|Any CPU
		{6126D86F-3330-469C-A9E0-8E4575647C0A}.Release|x64.ActiveCfg = Release|Any CPU
		{6126D86F-3330-469C-A9E0-8E4575647C0A}.Release|x64.Build.0 = Release|Any CPU
		{6126D86F-3330-469C-A9E0-8E4575647C0A}.RelWithDebInfo|Any CPU.ActiveCfg = Release|Any CPU
		{6126D86F-3330-469C-A9E0-8E4575647C0A}.RelWithDebInfo|Any CPU.Build.0 = Release|Any CPU
		{6126D86F-3330-469C-A9E0-8E4575647C0A}.RelWithDebInfo|x64.ActiveCfg = Release|Any CPU
		{6126D86F-3330-469C-A9E0-8E4575647C0A}.RelWithDebInfo|x64.Build.0 = Release|Any CPU
	EndGlobalSection
	GlobalSection(SolutionProperties) = preSolution
		HideSolutionNode = FALSE
	EndGlobalSection
EndGlobal
