{
  "name": "Javascripts~",
  "lockfileVersion": 2,
  "requires": true,
  "packages": {
    "": {
      "dependencies": {
        "@swc/core": "^1.3.21",
        "typescript": "^4.9.3"
      }
    },
    "node_modules/@swc/core": {
      "version": "1.3.21",
      "resolved": "https://registry.npmjs.org/@swc/core/-/core-1.3.21.tgz",
      "integrity": "sha512-RTmqkm5e5sb+Q+YbyqiE52xjvX+kcIVDgaSdSD7mNy2opgDfIdFMhExmB8UQStt3TLrlpAslWaFNWNmvaHP9rg==",
      "hasInstallScript": true,
      "bin": {
        "swcx": "run_swcx.js"
      },
      "engines": {
        "node": ">=10"
      },
      "funding": {
        "type": "opencollective",
        "url": "https://opencollective.com/swc"
      },
      "optionalDependencies": {
        "@swc/core-darwin-arm64": "1.3.21",
        "@swc/core-darwin-x64": "1.3.21",
        "@swc/core-linux-arm-gnueabihf": "1.3.21",
        "@swc/core-linux-arm64-gnu": "1.3.21",
        "@swc/core-linux-arm64-musl": "1.3.21",
        "@swc/core-linux-x64-gnu": "1.3.21",
        "@swc/core-linux-x64-musl": "1.3.21",
        "@swc/core-win32-arm64-msvc": "1.3.21",
        "@swc/core-win32-ia32-msvc": "1.3.21",
        "@swc/core-win32-x64-msvc": "1.3.21"
      }
    },
    "node_modules/@swc/core-darwin-arm64": {
      "version": "1.3.21",
      "resolved": "https://registry.npmjs.org/@swc/core-darwin-arm64/-/core-darwin-arm64-1.3.21.tgz",
      "integrity": "sha512-5dBrJyrCzdHOQ9evS9NBJm2geKcXffIuAvSrnwbMHkfTpl+pOM7crry2tolydFXdOE/Jbx8yyahAIXPne1fTHw==",
      "cpu": [
        "arm64"
      ],
      "optional": true,
      "os": [
        "darwin"
      ],
      "engines": {
        "node": ">=10"
      }
    },
    "node_modules/@swc/core-darwin-x64": {
      "version": "1.3.21",
      "resolved": "https://registry.npmjs.org/@swc/core-darwin-x64/-/core-darwin-x64-1.3.21.tgz",
      "integrity": "sha512-CAtzfsRoVZr7DLKOOWPua6npFdj06wRuv1us275CY2QS3mg1bPl9BxA3c94q3mMcu5Bf06+dzUOjJSGrsBD7Ig==",
      "cpu": [
        "x64"
      ],
      "optional": true,
      "os": [
        "darwin"
      ],
      "engines": {
        "node": ">=10"
      }
    },
    "node_modules/@swc/core-linux-arm-gnueabihf": {
      "version": "1.3.21",
      "resolved": "https://registry.npmjs.org/@swc/core-linux-arm-gnueabihf/-/core-linux-arm-gnueabihf-1.3.21.tgz",
      "integrity": "sha512-oPO7oFr89pjDFlHJ2aZvzGR6hwy5nmQyeiuqpTgfn+RFFLLbipFawJe/2NBWyD35bxuguW6a3/w9I6edKTpLUw==",
      "cpu": [
        "arm"
      ],
      "optional": true,
      "os": [
        "linux"
      ],
      "engines": {
        "node": ">=10"
      }
    },
    "node_modules/@swc/core-linux-arm64-gnu": {
      "version": "1.3.21",
      "resolved": "https://registry.npmjs.org/@swc/core-linux-arm64-gnu/-/core-linux-arm64-gnu-1.3.21.tgz",
      "integrity": "sha512-cgPw35T8HO4gB/tvPJMwjJuNNpydmw6U5hkxZ+7jiE+qA8hN8a71i+BBfXeSzlo60t4c44+zK4t+gK7UacZg2w==",
      "cpu": [
        "arm64"
      ],
      "optional": true,
      "os": [
        "linux"
      ],
      "engines": {
        "node": ">=10"
      }
    },
    "node_modules/@swc/core-linux-arm64-musl": {
      "version": "1.3.21",
      "resolved": "https://registry.npmjs.org/@swc/core-linux-arm64-musl/-/core-linux-arm64-musl-1.3.21.tgz",
      "integrity": "sha512-kwH+HHtcakSqR3gF5QJ7N7SPs96ilFiXuauB02Ct3UflaGbVYVoeFYj/VEIJ+ZJvlvvOEDByOiLyrk2bw0bG7A==",
      "cpu": [
        "arm64"
      ],
      "optional": true,
      "os": [
        "linux"
      ],
      "engines": {
        "node": ">=10"
      }
    },
    "node_modules/@swc/core-linux-x64-gnu": {
      "version": "1.3.21",
      "resolved": "https://registry.npmjs.org/@swc/core-linux-x64-gnu/-/core-linux-x64-gnu-1.3.21.tgz",
      "integrity": "sha512-/kLQLNxwdX6kO2R751uUrxXZsAhOkA1EeQzAqj+5Y+bzt3hA5asH5evkY0w0Aj1zCofX4p4o/Q35mandUPxMlw==",
      "cpu": [
        "x64"
      ],
      "optional": true,
      "os": [
        "linux"
      ],
      "engines": {
        "node": ">=10"
      }
    },
    "node_modules/@swc/core-linux-x64-musl": {
      "version": "1.3.21",
      "resolved": "https://registry.npmjs.org/@swc/core-linux-x64-musl/-/core-linux-x64-musl-1.3.21.tgz",
      "integrity": "sha512-s+l3LqUzDli6rbmIPR3IfO23IOLYBVxk97CDdcJWrRTVtCwUKFhFVJVZyErveriqLXSGJhy5+UL+aOuxC4dk8g==",
      "cpu": [
        "x64"
      ],
      "optional": true,
      "os": [
        "linux"
      ],
      "engines": {
        "node": ">=10"
      }
    },
    "node_modules/@swc/core-win32-arm64-msvc": {
      "version": "1.3.21",
      "resolved": "https://registry.npmjs.org/@swc/core-win32-arm64-msvc/-/core-win32-arm64-msvc-1.3.21.tgz",
      "integrity": "sha512-59gWcdbZxvmyzh+J50yCCodKDYRUnMwNypzzfamF1Vusa4Np+IGMWEaE2KsZUq50OQIRo0PGHpBPMKVYkuGv8g==",
      "cpu": [
        "arm64"
      ],
      "optional": true,
      "os": [
        "win32"
      ],
      "engines": {
        "node": ">=10"
      }
    },
    "node_modules/@swc/core-win32-ia32-msvc": {
      "version": "1.3.21",
      "resolved": "https://registry.npmjs.org/@swc/core-win32-ia32-msvc/-/core-win32-ia32-msvc-1.3.21.tgz",
      "integrity": "sha512-3gH86ffVAiCmeRy+xSxR5iWSbKy4nUddo4PIahD1zwGJx6LC5ahC/I6EpL1pvoX3KdJKVioUBn0KDfPDUYfqJw==",
      "cpu": [
        "ia32"
      ],
      "optional": true,
      "os": [
        "win32"
      ],
      "engines": {
        "node": ">=10"
      }
    },
    "node_modules/@swc/core-win32-x64-msvc": {
      "version": "1.3.21",
      "resolved": "https://registry.npmjs.org/@swc/core-win32-x64-msvc/-/core-win32-x64-msvc-1.3.21.tgz",
      "integrity": "sha512-JKWLJdJ3oFc8fGBk4P6mGKhW8n+FmEjLLbsST+h94bZmelrSTeShBt3rr+pMMatFevlu/c9lM3OW2GHsZeZNkg==",
      "cpu": [
        "x64"
      ],
      "optional": true,
      "os": [
        "win32"
      ],
      "engines": {
        "node": ">=10"
      }
    },
    "node_modules/typescript": {
      "version": "4.9.3",
      "resolved": "https://registry.npmjs.org/typescript/-/typescript-4.9.3.tgz",
      "integrity": "sha512-CIfGzTelbKNEnLpLdGFgdyKhG23CKdKgQPOBc+OUNrkJ2vr+KSzsSV5kq5iWhEQbok+quxgGzrAtGWCyU7tHnA==",
      "bin": {
        "tsc": "bin/tsc",
        "tsserver": "bin/tsserver"
      },
      "engines": {
        "node": ">=4.2.0"
      }
    }
  },
  "dependencies": {
    "@swc/core": {
      "version": "1.3.21",
      "resolved": "https://registry.npmjs.org/@swc/core/-/core-1.3.21.tgz",
      "integrity": "sha512-RTmqkm5e5sb+Q+YbyqiE52xjvX+kcIVDgaSdSD7mNy2opgDfIdFMhExmB8UQStt3TLrlpAslWaFNWNmvaHP9rg==",
      "requires": {
        "@swc/core-darwin-arm64": "1.3.21",
        "@swc/core-darwin-x64": "1.3.21",
        "@swc/core-linux-arm-gnueabihf": "1.3.21",
        "@swc/core-linux-arm64-gnu": "1.3.21",
        "@swc/core-linux-arm64-musl": "1.3.21",
        "@swc/core-linux-x64-gnu": "1.3.21",
        "@swc/core-linux-x64-musl": "1.3.21",
        "@swc/core-win32-arm64-msvc": "1.3.21",
        "@swc/core-win32-ia32-msvc": "1.3.21",
        "@swc/core-win32-x64-msvc": "1.3.21"
      }
    },
    "@swc/core-darwin-arm64": {
      "version": "1.3.21",
      "resolved": "https://registry.npmjs.org/@swc/core-darwin-arm64/-/core-darwin-arm64-1.3.21.tgz",
      "integrity": "sha512-5dBrJyrCzdHOQ9evS9NBJm2geKcXffIuAvSrnwbMHkfTpl+pOM7crry2tolydFXdOE/Jbx8yyahAIXPne1fTHw==",
      "optional": true
    },
    "@swc/core-darwin-x64": {
      "version": "1.3.21",
      "resolved": "https://registry.npmjs.org/@swc/core-darwin-x64/-/core-darwin-x64-1.3.21.tgz",
      "integrity": "sha512-CAtzfsRoVZr7DLKOOWPua6npFdj06wRuv1us275CY2QS3mg1bPl9BxA3c94q3mMcu5Bf06+dzUOjJSGrsBD7Ig==",
      "optional": true
    },
    "@swc/core-linux-arm-gnueabihf": {
      "version": "1.3.21",
      "resolved": "https://registry.npmjs.org/@swc/core-linux-arm-gnueabihf/-/core-linux-arm-gnueabihf-1.3.21.tgz",
      "integrity": "sha512-oPO7oFr89pjDFlHJ2aZvzGR6hwy5nmQyeiuqpTgfn+RFFLLbipFawJe/2NBWyD35bxuguW6a3/w9I6edKTpLUw==",
      "optional": true
    },
    "@swc/core-linux-arm64-gnu": {
      "version": "1.3.21",
      "resolved": "https://registry.npmjs.org/@swc/core-linux-arm64-gnu/-/core-linux-arm64-gnu-1.3.21.tgz",
      "integrity": "sha512-cgPw35T8HO4gB/tvPJMwjJuNNpydmw6U5hkxZ+7jiE+qA8hN8a71i+BBfXeSzlo60t4c44+zK4t+gK7UacZg2w==",
      "optional": true
    },
    "@swc/core-linux-arm64-musl": {
      "version": "1.3.21",
      "resolved": "https://registry.npmjs.org/@swc/core-linux-arm64-musl/-/core-linux-arm64-musl-1.3.21.tgz",
      "integrity": "sha512-kwH+HHtcakSqR3gF5QJ7N7SPs96ilFiXuauB02Ct3UflaGbVYVoeFYj/VEIJ+ZJvlvvOEDByOiLyrk2bw0bG7A==",
      "optional": true
    },
    "@swc/core-linux-x64-gnu": {
      "version": "1.3.21",
      "resolved": "https://registry.npmjs.org/@swc/core-linux-x64-gnu/-/core-linux-x64-gnu-1.3.21.tgz",
      "integrity": "sha512-/kLQLNxwdX6kO2R751uUrxXZsAhOkA1EeQzAqj+5Y+bzt3hA5asH5evkY0w0Aj1zCofX4p4o/Q35mandUPxMlw==",
      "optional": true
    },
    "@swc/core-linux-x64-musl": {
      "version": "1.3.21",
      "resolved": "https://registry.npmjs.org/@swc/core-linux-x64-musl/-/core-linux-x64-musl-1.3.21.tgz",
      "integrity": "sha512-s+l3LqUzDli6rbmIPR3IfO23IOLYBVxk97CDdcJWrRTVtCwUKFhFVJVZyErveriqLXSGJhy5+UL+aOuxC4dk8g==",
      "optional": true
    },
    "@swc/core-win32-arm64-msvc": {
      "version": "1.3.21",
      "resolved": "https://registry.npmjs.org/@swc/core-win32-arm64-msvc/-/core-win32-arm64-msvc-1.3.21.tgz",
      "integrity": "sha512-59gWcdbZxvmyzh+J50yCCodKDYRUnMwNypzzfamF1Vusa4Np+IGMWEaE2KsZUq50OQIRo0PGHpBPMKVYkuGv8g==",
      "optional": true
    },
    "@swc/core-win32-ia32-msvc": {
      "version": "1.3.21",
      "resolved": "https://registry.npmjs.org/@swc/core-win32-ia32-msvc/-/core-win32-ia32-msvc-1.3.21.tgz",
      "integrity": "sha512-3gH86ffVAiCmeRy+xSxR5iWSbKy4nUddo4PIahD1zwGJx6LC5ahC/I6EpL1pvoX3KdJKVioUBn0KDfPDUYfqJw==",
      "optional": true
    },
    "@swc/core-win32-x64-msvc": {
      "version": "1.3.21",
      "resolved": "https://registry.npmjs.org/@swc/core-win32-x64-msvc/-/core-win32-x64-msvc-1.3.21.tgz",
      "integrity": "sha512-JKWLJdJ3oFc8fGBk4P6mGKhW8n+FmEjLLbsST+h94bZmelrSTeShBt3rr+pMMatFevlu/c9lM3OW2GHsZeZNkg==",
      "optional": true
    },
    "typescript": {
      "version": "4.9.3",
      "resolved": "https://registry.npmjs.org/typescript/-/typescript-4.9.3.tgz",
      "integrity": "sha512-CIfGzTelbKNEnLpLdGFgdyKhG23CKdKgQPOBc+OUNrkJ2vr+KSzsSV5kq5iWhEQbok+quxgGzrAtGWCyU7tHnA=="
    }
  }
}
