{
  "name": "Javascripts~",
  "lockfileVersion": 2,
  "requires": true,
  "packages": {
    "": {
      "dependencies": {
        "@swc/core": "^1.3.21",
        "@types/glob": "^8.0.0",
        "@types/node": "^18.11.13",
        "glob": "^8.0.3",
        "typescript": "^4.9.3"
      }
    },
    "node_modules/@swc/core": {
      "version": "1.3.21",
      "resolved": "https://registry.npmjs.org/@swc/core/-/core-1.3.21.tgz",
      "integrity": "sha512-RTmqkm5e5sb+Q+YbyqiE52xjvX+kcIVDgaSdSD7mNy2opgDfIdFMhExmB8UQStt3TLrlpAslWaFNWNmvaHP9rg==",
      "hasInstallScript": true,
      "bin": {
        "swcx": "run_swcx.js"
      },
      "engines": {
        "node": ">=10"
      },
      "funding": {
        "type": "opencollective",
        "url": "https://opencollective.com/swc"
      },
      "optionalDependencies": {
        "@swc/core-darwin-arm64": "1.3.21",
        "@swc/core-darwin-x64": "1.3.21",
        "@swc/core-linux-arm-gnueabihf": "1.3.21",
        "@swc/core-linux-arm64-gnu": "1.3.21",
        "@swc/core-linux-arm64-musl": "1.3.21",
        "@swc/core-linux-x64-gnu": "1.3.21",
        "@swc/core-linux-x64-musl": "1.3.21",
        "@swc/core-win32-arm64-msvc": "1.3.21",
        "@swc/core-win32-ia32-msvc": "1.3.21",
        "@swc/core-win32-x64-msvc": "1.3.21"
      }
    },
    "node_modules/@swc/core-darwin-arm64": {
      "version": "1.3.21",
      "resolved": "https://registry.npmjs.org/@swc/core-darwin-arm64/-/core-darwin-arm64-1.3.21.tgz",
      "integrity": "sha512-5dBrJyrCzdHOQ9evS9NBJm2geKcXffIuAvSrnwbMHkfTpl+pOM7crry2tolydFXdOE/Jbx8yyahAIXPne1fTHw==",
      "cpu": [
        "arm64"
      ],
      "optional": true,
      "os": [
        "darwin"
      ],
      "engines": {
        "node": ">=10"
      }
    },
    "node_modules/@swc/core-darwin-x64": {
      "version": "1.3.21",
      "resolved": "https://registry.npmjs.org/@swc/core-darwin-x64/-/core-darwin-x64-1.3.21.tgz",
      "integrity": "sha512-CAtzfsRoVZr7DLKOOWPua6npFdj06wRuv1us275CY2QS3mg1bPl9BxA3c94q3mMcu5Bf06+dzUOjJSGrsBD7Ig==",
      "cpu": [
        "x64"
      ],
      "optional": true,
      "os": [
        "darwin"
      ],
      "engines": {
        "node": ">=10"
      }
    },
    "node_modules/@swc/core-linux-arm-gnueabihf": {
      "version": "1.3.21",
      "resolved": "https://registry.npmjs.org/@swc/core-linux-arm-gnueabihf/-/core-linux-arm-gnueabihf-1.3.21.tgz",
      "integrity": "sha512-oPO7oFr89pjDFlHJ2aZvzGR6hwy5nmQyeiuqpTgfn+RFFLLbipFawJe/2NBWyD35bxuguW6a3/w9I6edKTpLUw==",
      "cpu": [
        "arm"
      ],
      "optional": true,
      "os": [
        "linux"
      ],
      "engines": {
        "node": ">=10"
      }
    },
    "node_modules/@swc/core-linux-arm64-gnu": {
      "version": "1.3.21",
      "resolved": "https://registry.npmjs.org/@swc/core-linux-arm64-gnu/-/core-linux-arm64-gnu-1.3.21.tgz",
      "integrity": "sha512-cgPw35T8HO4gB/tvPJMwjJuNNpydmw6U5hkxZ+7jiE+qA8hN8a71i+BBfXeSzlo60t4c44+zK4t+gK7UacZg2w==",
      "cpu": [
        "arm64"
      ],
      "optional": true,
      "os": [
        "linux"
      ],
      "engines": {
        "node": ">=10"
      }
    },
    "node_modules/@swc/core-linux-arm64-musl": {
      "version": "1.3.21",
      "resolved": "https://registry.npmjs.org/@swc/core-linux-arm64-musl/-/core-linux-arm64-musl-1.3.21.tgz",
      "integrity": "sha512-kwH+HHtcakSqR3gF5QJ7N7SPs96ilFiXuauB02Ct3UflaGbVYVoeFYj/VEIJ+ZJvlvvOEDByOiLyrk2bw0bG7A==",
      "cpu": [
        "arm64"
      ],
      "optional": true,
      "os": [
        "linux"
      ],
      "engines": {
        "node": ">=10"
      }
    },
    "node_modules/@swc/core-linux-x64-gnu": {
      "version": "1.3.21",
      "resolved": "https://registry.npmjs.org/@swc/core-linux-x64-gnu/-/core-linux-x64-gnu-1.3.21.tgz",
      "integrity": "sha512-/kLQLNxwdX6kO2R751uUrxXZsAhOkA1EeQzAqj+5Y+bzt3hA5asH5evkY0w0Aj1zCofX4p4o/Q35mandUPxMlw==",
      "cpu": [
        "x64"
      ],
      "optional": true,
      "os": [
        "linux"
      ],
      "engines": {
        "node": ">=10"
      }
    },
    "node_modules/@swc/core-linux-x64-musl": {
      "version": "1.3.21",
      "resolved": "https://registry.npmjs.org/@swc/core-linux-x64-musl/-/core-linux-x64-musl-1.3.21.tgz",
      "integrity": "sha512-s+l3LqUzDli6rbmIPR3IfO23IOLYBVxk97CDdcJWrRTVtCwUKFhFVJVZyErveriqLXSGJhy5+UL+aOuxC4dk8g==",
      "cpu": [
        "x64"
      ],
      "optional": true,
      "os": [
        "linux"
      ],
      "engines": {
        "node": ">=10"
      }
    },
    "node_modules/@swc/core-win32-arm64-msvc": {
      "version": "1.3.21",
      "resolved": "https://registry.npmjs.org/@swc/core-win32-arm64-msvc/-/core-win32-arm64-msvc-1.3.21.tgz",
      "integrity": "sha512-59gWcdbZxvmyzh+J50yCCodKDYRUnMwNypzzfamF1Vusa4Np+IGMWEaE2KsZUq50OQIRo0PGHpBPMKVYkuGv8g==",
      "cpu": [
        "arm64"
      ],
      "optional": true,
      "os": [
        "win32"
      ],
      "engines": {
        "node": ">=10"
      }
    },
    "node_modules/@swc/core-win32-ia32-msvc": {
      "version": "1.3.21",
      "resolved": "https://registry.npmjs.org/@swc/core-win32-ia32-msvc/-/core-win32-ia32-msvc-1.3.21.tgz",
      "integrity": "sha512-3gH86ffVAiCmeRy+xSxR5iWSbKy4nUddo4PIahD1zwGJx6LC5ahC/I6EpL1pvoX3KdJKVioUBn0KDfPDUYfqJw==",
      "cpu": [
        "ia32"
      ],
      "optional": true,
      "os": [
        "win32"
      ],
      "engines": {
        "node": ">=10"
      }
    },
    "node_modules/@swc/core-win32-x64-msvc": {
      "version": "1.3.21",
      "resolved": "https://registry.npmjs.org/@swc/core-win32-x64-msvc/-/core-win32-x64-msvc-1.3.21.tgz",
      "integrity": "sha512-JKWLJdJ3oFc8fGBk4P6mGKhW8n+FmEjLLbsST+h94bZmelrSTeShBt3rr+pMMatFevlu/c9lM3OW2GHsZeZNkg==",
      "cpu": [
        "x64"
      ],
      "optional": true,
      "os": [
        "win32"
      ],
      "engines": {
        "node": ">=10"
      }
    },
    "node_modules/@types/glob": {
      "version": "8.0.0",
      "resolved": "https://mirrors.tencent.com/npm/@types%2fglob/-/glob-8.0.0.tgz",
      "integrity": "sha512-l6NQsDDyQUVeoTynNpC9uRvCUint/gSUXQA2euwmTuWGvPY5LSDUu6tkCtJB2SvGQlJQzLaKqcGZP4//7EDveA==",
      "license": "MIT",
      "dependencies": {
        "@types/minimatch": "*",
        "@types/node": "*"
      }
    },
    "node_modules/@types/minimatch": {
      "version": "5.1.2",
      "resolved": "https://mirrors.tencent.com/npm/@types%2fminimatch/-/minimatch-5.1.2.tgz",
      "integrity": "sha512-K0VQKziLUWkVKiRVrx4a40iPaxTUefQmjtkQofBkYRcoaaL/8rhwDWww9qWbrgicNOgnpIsMxyNIUM4+n6dUIA==",
      "license": "MIT"
    },
    "node_modules/@types/node": {
      "version": "18.11.13",
      "resolved": "https://mirrors.tencent.com/npm/@types%2fnode/-/node-18.11.13.tgz",
      "integrity": "sha512-IASpMGVcWpUsx5xBOrxMj7Bl8lqfuTY7FKAnPmu5cHkfQVWF8GulWS1jbRqA934qZL35xh5xN/+Xe/i26Bod4w==",
      "license": "MIT"
    },
    "node_modules/balanced-match": {
      "version": "1.0.2",
      "resolved": "https://mirrors.tencent.com/npm/balanced-match/-/balanced-match-1.0.2.tgz",
      "integrity": "sha512-3oSeUO0TMV67hN1AmbXsK4yaqU7tjiHlbxRDZOpH0KW9+CeX4bRAaX0Anxt0tx2MrpRpWwQaPwIlISEJhYU5Pw==",
      "license": "MIT"
    },
    "node_modules/brace-expansion": {
      "version": "2.0.1",
      "resolved": "https://mirrors.tencent.com/npm/brace-expansion/-/brace-expansion-2.0.1.tgz",
      "integrity": "sha512-XnAIvQ8eM+kC6aULx6wuQiwVsnzsi9d3WxzV3FpWTGA19F621kwdbsAcFKXgKUHZWsy+mY6iL1sHTxWEFCytDA==",
      "license": "MIT",
      "dependencies": {
        "balanced-match": "^1.0.0"
      }
    },
    "node_modules/fs.realpath": {
      "version": "1.0.0",
      "resolved": "https://mirrors.tencent.com/npm/fs.realpath/-/fs.realpath-1.0.0.tgz",
      "integrity": "sha1-FQStJSMVjKpA20onh8sBQRmU6k8=",
      "license": "ISC"
    },
    "node_modules/glob": {
      "version": "8.0.3",
      "resolved": "https://mirrors.tencent.com/npm/glob/-/glob-8.0.3.tgz",
      "integrity": "sha512-ull455NHSHI/Y1FqGaaYFaLGkNMMJbavMrEGFXG/PGrg6y7sutWHUHrz6gy6WEBH6akM1M414dWKCNs+IhKdiQ==",
      "license": "ISC",
      "dependencies": {
        "fs.realpath": "^1.0.0",
        "inflight": "^1.0.4",
        "inherits": "2",
        "minimatch": "^5.0.1",
        "once": "^1.3.0"
      },
      "engines": {
        "node": ">=12"
      },
      "funding": {
        "url": "https://github.com/sponsors/isaacs"
      }
    },
    "node_modules/inflight": {
      "version": "1.0.6",
      "resolved": "https://mirrors.tencent.com/npm/inflight/-/inflight-1.0.6.tgz",
      "integrity": "sha1-Sb1jMdfQLQwJvJEKEHW6gWW1bfk=",
      "license": "ISC",
      "dependencies": {
        "once": "^1.3.0",
        "wrappy": "1"
      }
    },
    "node_modules/inherits": {
      "version": "2.0.4",
      "resolved": "https://mirrors.tencent.com/npm/inherits/-/inherits-2.0.4.tgz",
      "integrity": "sha512-k/vGaX4/Yla3WzyMCvTQOXYeIHvqOKtnqBduzTHpzpQZzAskKMhZ2K+EnBiSM9zGSoIFeMpXKxa4dYeZIQqewQ==",
      "license": "ISC"
    },
    "node_modules/minimatch": {
      "version": "5.1.1",
      "resolved": "https://mirrors.tencent.com/npm/minimatch/-/minimatch-5.1.1.tgz",
      "integrity": "sha512-362NP+zlprccbEt/SkxKfRMHnNY85V74mVnpUpNyr3F35covl09Kec7/sEFLt3RA4oXmewtoaanoIf67SE5Y5g==",
      "license": "ISC",
      "dependencies": {
        "brace-expansion": "^2.0.1"
      },
      "engines": {
        "node": ">=10"
      }
    },
    "node_modules/once": {
      "version": "1.4.0",
      "resolved": "https://mirrors.tencent.com/npm/once/-/once-1.4.0.tgz",
      "integrity": "sha1-WDsap3WWHUsROsF9nFC6753Xa9E=",
      "license": "ISC",
      "dependencies": {
        "wrappy": "1"
      }
    },
    "node_modules/typescript": {
      "version": "4.9.3",
      "resolved": "https://registry.npmjs.org/typescript/-/typescript-4.9.3.tgz",
      "integrity": "sha512-CIfGzTelbKNEnLpLdGFgdyKhG23CKdKgQPOBc+OUNrkJ2vr+KSzsSV5kq5iWhEQbok+quxgGzrAtGWCyU7tHnA==",
      "bin": {
        "tsc": "bin/tsc",
        "tsserver": "bin/tsserver"
      },
      "engines": {
        "node": ">=4.2.0"
      }
    },
    "node_modules/wrappy": {
      "version": "1.0.2",
      "resolved": "https://mirrors.tencent.com/npm/wrappy/-/wrappy-1.0.2.tgz",
      "integrity": "sha1-tSQ9jz7BqjXxNkYFvA0QNuMKtp8=",
      "license": "ISC"
    }
  },
  "dependencies": {
    "@swc/core": {
      "version": "1.3.21",
      "resolved": "https://registry.npmjs.org/@swc/core/-/core-1.3.21.tgz",
      "integrity": "sha512-RTmqkm5e5sb+Q+YbyqiE52xjvX+kcIVDgaSdSD7mNy2opgDfIdFMhExmB8UQStt3TLrlpAslWaFNWNmvaHP9rg==",
      "requires": {
        "@swc/core-darwin-arm64": "1.3.21",
        "@swc/core-darwin-x64": "1.3.21",
        "@swc/core-linux-arm-gnueabihf": "1.3.21",
        "@swc/core-linux-arm64-gnu": "1.3.21",
        "@swc/core-linux-arm64-musl": "1.3.21",
        "@swc/core-linux-x64-gnu": "1.3.21",
        "@swc/core-linux-x64-musl": "1.3.21",
        "@swc/core-win32-arm64-msvc": "1.3.21",
        "@swc/core-win32-ia32-msvc": "1.3.21",
        "@swc/core-win32-x64-msvc": "1.3.21"
      }
    },
    "@swc/core-darwin-arm64": {
      "version": "1.3.21",
      "resolved": "https://registry.npmjs.org/@swc/core-darwin-arm64/-/core-darwin-arm64-1.3.21.tgz",
      "integrity": "sha512-5dBrJyrCzdHOQ9evS9NBJm2geKcXffIuAvSrnwbMHkfTpl+pOM7crry2tolydFXdOE/Jbx8yyahAIXPne1fTHw==",
      "optional": true
    },
    "@swc/core-darwin-x64": {
      "version": "1.3.21",
      "resolved": "https://registry.npmjs.org/@swc/core-darwin-x64/-/core-darwin-x64-1.3.21.tgz",
      "integrity": "sha512-CAtzfsRoVZr7DLKOOWPua6npFdj06wRuv1us275CY2QS3mg1bPl9BxA3c94q3mMcu5Bf06+dzUOjJSGrsBD7Ig==",
      "optional": true
    },
    "@swc/core-linux-arm-gnueabihf": {
      "version": "1.3.21",
      "resolved": "https://registry.npmjs.org/@swc/core-linux-arm-gnueabihf/-/core-linux-arm-gnueabihf-1.3.21.tgz",
      "integrity": "sha512-oPO7oFr89pjDFlHJ2aZvzGR6hwy5nmQyeiuqpTgfn+RFFLLbipFawJe/2NBWyD35bxuguW6a3/w9I6edKTpLUw==",
      "optional": true
    },
    "@swc/core-linux-arm64-gnu": {
      "version": "1.3.21",
      "resolved": "https://registry.npmjs.org/@swc/core-linux-arm64-gnu/-/core-linux-arm64-gnu-1.3.21.tgz",
      "integrity": "sha512-cgPw35T8HO4gB/tvPJMwjJuNNpydmw6U5hkxZ+7jiE+qA8hN8a71i+BBfXeSzlo60t4c44+zK4t+gK7UacZg2w==",
      "optional": true
    },
    "@swc/core-linux-arm64-musl": {
      "version": "1.3.21",
      "resolved": "https://registry.npmjs.org/@swc/core-linux-arm64-musl/-/core-linux-arm64-musl-1.3.21.tgz",
      "integrity": "sha512-kwH+HHtcakSqR3gF5QJ7N7SPs96ilFiXuauB02Ct3UflaGbVYVoeFYj/VEIJ+ZJvlvvOEDByOiLyrk2bw0bG7A==",
      "optional": true
    },
    "@swc/core-linux-x64-gnu": {
      "version": "1.3.21",
      "resolved": "https://registry.npmjs.org/@swc/core-linux-x64-gnu/-/core-linux-x64-gnu-1.3.21.tgz",
      "integrity": "sha512-/kLQLNxwdX6kO2R751uUrxXZsAhOkA1EeQzAqj+5Y+bzt3hA5asH5evkY0w0Aj1zCofX4p4o/Q35mandUPxMlw==",
      "optional": true
    },
    "@swc/core-linux-x64-musl": {
      "version": "1.3.21",
      "resolved": "https://registry.npmjs.org/@swc/core-linux-x64-musl/-/core-linux-x64-musl-1.3.21.tgz",
      "integrity": "sha512-s+l3LqUzDli6rbmIPR3IfO23IOLYBVxk97CDdcJWrRTVtCwUKFhFVJVZyErveriqLXSGJhy5+UL+aOuxC4dk8g==",
      "optional": true
    },
    "@swc/core-win32-arm64-msvc": {
      "version": "1.3.21",
      "resolved": "https://registry.npmjs.org/@swc/core-win32-arm64-msvc/-/core-win32-arm64-msvc-1.3.21.tgz",
      "integrity": "sha512-59gWcdbZxvmyzh+J50yCCodKDYRUnMwNypzzfamF1Vusa4Np+IGMWEaE2KsZUq50OQIRo0PGHpBPMKVYkuGv8g==",
      "optional": true
    },
    "@swc/core-win32-ia32-msvc": {
      "version": "1.3.21",
      "resolved": "https://registry.npmjs.org/@swc/core-win32-ia32-msvc/-/core-win32-ia32-msvc-1.3.21.tgz",
      "integrity": "sha512-3gH86ffVAiCmeRy+xSxR5iWSbKy4nUddo4PIahD1zwGJx6LC5ahC/I6EpL1pvoX3KdJKVioUBn0KDfPDUYfqJw==",
      "optional": true
    },
    "@swc/core-win32-x64-msvc": {
      "version": "1.3.21",
      "resolved": "https://registry.npmjs.org/@swc/core-win32-x64-msvc/-/core-win32-x64-msvc-1.3.21.tgz",
      "integrity": "sha512-JKWLJdJ3oFc8fGBk4P6mGKhW8n+FmEjLLbsST+h94bZmelrSTeShBt3rr+pMMatFevlu/c9lM3OW2GHsZeZNkg==",
      "optional": true
    },
    "@types/glob": {
      "version": "8.0.0",
      "resolved": "https://mirrors.tencent.com/npm/@types%2fglob/-/glob-8.0.0.tgz",
      "integrity": "sha512-l6NQsDDyQUVeoTynNpC9uRvCUint/gSUXQA2euwmTuWGvPY5LSDUu6tkCtJB2SvGQlJQzLaKqcGZP4//7EDveA==",
      "requires": {
        "@types/minimatch": "*",
        "@types/node": "*"
      }
    },
    "@types/minimatch": {
      "version": "5.1.2",
      "resolved": "https://mirrors.tencent.com/npm/@types%2fminimatch/-/minimatch-5.1.2.tgz",
      "integrity": "sha512-K0VQKziLUWkVKiRVrx4a40iPaxTUefQmjtkQofBkYRcoaaL/8rhwDWww9qWbrgicNOgnpIsMxyNIUM4+n6dUIA=="
    },
    "@types/node": {
      "version": "18.11.13",
      "resolved": "https://mirrors.tencent.com/npm/@types%2fnode/-/node-18.11.13.tgz",
      "integrity": "sha512-IASpMGVcWpUsx5xBOrxMj7Bl8lqfuTY7FKAnPmu5cHkfQVWF8GulWS1jbRqA934qZL35xh5xN/+Xe/i26Bod4w=="
    },
    "balanced-match": {
      "version": "1.0.2",
      "resolved": "https://mirrors.tencent.com/npm/balanced-match/-/balanced-match-1.0.2.tgz",
      "integrity": "sha512-3oSeUO0TMV67hN1AmbXsK4yaqU7tjiHlbxRDZOpH0KW9+CeX4bRAaX0Anxt0tx2MrpRpWwQaPwIlISEJhYU5Pw=="
    },
    "brace-expansion": {
      "version": "2.0.1",
      "resolved": "https://mirrors.tencent.com/npm/brace-expansion/-/brace-expansion-2.0.1.tgz",
      "integrity": "sha512-XnAIvQ8eM+kC6aULx6wuQiwVsnzsi9d3WxzV3FpWTGA19F621kwdbsAcFKXgKUHZWsy+mY6iL1sHTxWEFCytDA==",
      "requires": {
        "balanced-match": "^1.0.0"
      }
    },
    "fs.realpath": {
      "version": "1.0.0",
      "resolved": "https://mirrors.tencent.com/npm/fs.realpath/-/fs.realpath-1.0.0.tgz",
      "integrity": "sha1-FQStJSMVjKpA20onh8sBQRmU6k8="
    },
    "glob": {
      "version": "8.0.3",
      "resolved": "https://mirrors.tencent.com/npm/glob/-/glob-8.0.3.tgz",
      "integrity": "sha512-ull455NHSHI/Y1FqGaaYFaLGkNMMJbavMrEGFXG/PGrg6y7sutWHUHrz6gy6WEBH6akM1M414dWKCNs+IhKdiQ==",
      "requires": {
        "fs.realpath": "^1.0.0",
        "inflight": "^1.0.4",
        "inherits": "2",
        "minimatch": "^5.0.1",
        "once": "^1.3.0"
      }
    },
    "inflight": {
      "version": "1.0.6",
      "resolved": "https://mirrors.tencent.com/npm/inflight/-/inflight-1.0.6.tgz",
      "integrity": "sha1-Sb1jMdfQLQwJvJEKEHW6gWW1bfk=",
      "requires": {
        "once": "^1.3.0",
        "wrappy": "1"
      }
    },
    "inherits": {
      "version": "2.0.4",
      "resolved": "https://mirrors.tencent.com/npm/inherits/-/inherits-2.0.4.tgz",
      "integrity": "sha512-k/vGaX4/Yla3WzyMCvTQOXYeIHvqOKtnqBduzTHpzpQZzAskKMhZ2K+EnBiSM9zGSoIFeMpXKxa4dYeZIQqewQ=="
    },
    "minimatch": {
      "version": "5.1.1",
      "resolved": "https://mirrors.tencent.com/npm/minimatch/-/minimatch-5.1.1.tgz",
      "integrity": "sha512-362NP+zlprccbEt/SkxKfRMHnNY85V74mVnpUpNyr3F35covl09Kec7/sEFLt3RA4oXmewtoaanoIf67SE5Y5g==",
      "requires": {
        "brace-expansion": "^2.0.1"
      }
    },
    "once": {
      "version": "1.4.0",
      "resolved": "https://mirrors.tencent.com/npm/once/-/once-1.4.0.tgz",
      "integrity": "sha1-WDsap3WWHUsROsF9nFC6753Xa9E=",
      "requires": {
        "wrappy": "1"
      }
    },
    "typescript": {
      "version": "4.9.3",
      "resolved": "https://registry.npmjs.org/typescript/-/typescript-4.9.3.tgz",
      "integrity": "sha512-CIfGzTelbKNEnLpLdGFgdyKhG23CKdKgQPOBc+OUNrkJ2vr+KSzsSV5kq5iWhEQbok+quxgGzrAtGWCyU7tHnA=="
    },
    "wrappy": {
      "version": "1.0.2",
      "resolved": "https://mirrors.tencent.com/npm/wrappy/-/wrappy-1.0.2.tgz",
      "integrity": "sha1-tSQ9jz7BqjXxNkYFvA0QNuMKtp8="
    }
  }
}
